{
  "originHash" : "3463c976441f012018cef5262420b62b846825c5c5a4501c75365fd3e13ac600",
  "pins" : [
    {
      "identity" : "fuzzymatch",
      "kind" : "remoteSourceControl",
      "location" : "https://github.com/ordo-one/FuzzyMatch.git",
      "state" : {
        "revision" : "988f002a4785b1f1b65d7370965f400dd4fcff68",
        "version" : "1.3.2"
      }
    },
    {
      "identity" : "grdb.swift",
      "kind" : "remoteSourceControl",
      "location" : "https://github.com/groue/GRDB.swift.git",
      "state" : {
        "revision" : "36e30a6f1ef10e4194f6af0cff90888526f0c115",
        "version" : "7.10.0"
      }
    }
  ],
  "version" : 3
}
